
Microsoft Visual Studio Solution File, Format Version 12.00
# Visual Studio Version 16
VisualStudioVersion = 16.0.30225.117
MinimumVisualStudioVersion = 10.0.40219.1
Project("{FAE04EC0-301F-11D3-BF4B-00C04F79EFBC}") = "Serialization", "Serialization\Serialization.csproj", "{F7220F47-178F-4DB8-9F01-6E471020CD83}"
EndProject
Project("{FAE04EC0-301F-11D3-BF4B-00C04F79EFBC}") = "SerializerTest", "SerializerTest\SerializerTest.csproj", "{D01A5B5B-E142-48D4-B235-A82136B03E0C}"
EndProject
Global
	GlobalSection(SolutionConfigurationPlatforms) = preSolution
		Debug|Any CPU = Debug|Any CPU
		Release|Any CPU = Release|Any CPU
	EndGlobalSection
	GlobalSection(ProjectConfigurationPlatforms) = postSolution
		{F7220F47-178F-4DB8-9F01-6E471020CD83}.Debug|Any CPU.ActiveCfg = Debug|Any CPU
		{F7220F47-178F-4DB8-9F01-6E471020CD83}.Debug|Any CPU.Build.0 = Debug|Any CPU
		{F7220F47-178F-4DB8-9F01-6E471020CD83}.Release|Any CPU.ActiveCfg = Release|Any CPU
		{F7220F47-178F-4DB8-9F01-6E471020CD83}.Release|Any CPU.Build.0 = Release|Any CPU
		{D01A5B5B-E142-48D4-B235-A82136B03E0C}.Debug|Any CPU.ActiveCfg = Debug|Any CPU
		{D01A5B5B-E142-48D4-B235-A82136B03E0C}.Debug|Any CPU.Build.0 = Debug|Any CPU
		{D01A5B5B-E142-48D4-B235-A82136B03E0C}.Release|Any CPU.ActiveCfg = Release|Any CPU
		{D01A5B5B-E142-48D4-B235-A82136B03E0C}.Release|Any CPU.Build.0 = Release|Any CPU
	EndGlobalSection
	GlobalSection(SolutionProperties) = preSolution
		HideSolutionNode = FALSE
	EndGlobalSection
	GlobalSection(ExtensibilityGlobals) = postSolution
		SolutionGuid = {773ECDD5-4681-414F-8176-81E5FB26AB31}
	EndGlobalSection
EndGlobal
